
Microsoft Visual Studio Solution File, Format Version 12.00
# Visual Studio Express 14 for Windows Desktop
VisualStudioVersion = 14.0.25420.1
MinimumVisualStudioVersion = 10.0.40219.1
Project("{FAE04EC0-301F-11D3-BF4B-00C04F79EFBC}") = "Generic1", "Generic1\Generic1.csproj", "{BB672E33-28D5-4396-97C3-3AD79430EF7E}"
EndProject
Global
	GlobalSection(SolutionConfigurationPlatforms) = preSolution
		Debug|Any CPU = Debug|Any CPU
		Release|Any CPU = Release|Any CPU
	EndGlobalSection
	GlobalSection(ProjectConfigurationPlatforms) = postSolution
		{BB672E33-28D5-4396-97C3-3AD79430EF7E}.Debug|Any CPU.ActiveCfg = Debug|Any CPU
		{BB672E33-28D5-4396-97C3-3AD79430EF7E}.Debug|Any CPU.Build.0 = Debug|Any CPU
		{BB672E33-28D5-4396-97C3-3AD79430EF7E}.Release|Any CPU.ActiveCfg = Release|Any CPU
		{BB672E33-28D5-4396-97C3-3AD79430EF7E}.Release|Any CPU.Build.0 = Release|Any CPU
	EndGlobalSection
	GlobalSection(SolutionProperties) = preSolution
		HideSolutionNode = FALSE
	EndGlobalSection
EndGlobal
